
Microsoft Visual Studio Solution File, Format Version 12.00
# Visual Studio Version 17
VisualStudioVersion = 17.2.32602.215
MinimumVisualStudioVersion = 10.0.40219.1
Project("{2150E333-8FDC-42A3-9474-1A3956D46DE8}") = "src", "src", "{FC09B2C8-2A7C-4446-8AF6-11AF5E85D238}"
EndProject
Project("{2150E333-8FDC-42A3-9474-1A3956D46DE8}") = "App", "App", "{D3E26E1F-D4C4-4252-89E6-A035AB35F2D8}"
EndProject
Project("{2150E333-8FDC-42A3-9474-1A3956D46DE8}") = "Core", "Core", "{5DD041F4-F03F-4A9F-949D-660180CA1EB9}"
EndProject
Project("{2150E333-8FDC-42A3-9474-1A3956D46DE8}") = "Custom", "Custom", "{4DA43286-1E69-45A5-BA3A-DDCFA854FF50}"
EndProject
Project("{2150E333-8FDC-42A3-9474-1A3956D46DE8}") = "Plugins", "Plugins", "{9A824DD0-5950-4B4F-87A6-626391C241CF}"
EndProject
Project("{2150E333-8FDC-42A3-9474-1A3956D46DE8}") = "Action", "Action", "{827A1170-3745-4B25-881A-775D1E19F844}"
EndProject
Project("{2150E333-8FDC-42A3-9474-1A3956D46DE8}") = "Data", "Data", "{8E4FC522-1566-4578-B264-790E7EE80104}"
EndProject
Project("{9A19103F-16F7-4668-BE54-9A1E7A4F7556}") = "Awe.Core.Action.Application", "src\Core\Action\Awe.Core.Action.Application\Awe.Core.Action.Application.csproj", "{8468485E-5434-465C-A03F-63AF272823E1}"
EndProject
Project("{9A19103F-16F7-4668-BE54-9A1E7A4F7556}") = "Awe.Core.Action.Contracts", "src\Core\Action\Awe.Core.Action.Contracts\Awe.Core.Action.Contracts.csproj", "{FDB2761F-6F59-4761-A1F7-4BC35415E09A}"
EndProject
Project("{9A19103F-16F7-4668-BE54-9A1E7A4F7556}") = "Awe.Core.Action.Core", "src\Core\Action\Awe.Core.Action.Core\Awe.Core.Action.Core.csproj", "{DD2FBD43-457C-4D42-9EBC-FC8D74C50667}"
EndProject
Project("{9A19103F-16F7-4668-BE54-9A1E7A4F7556}") = "Awe.Core.Data.Contracts", "src\Core\Data\Awe.Core.Data.Contracts\Awe.Core.Data.Contracts.csproj", "{73C337DC-38BB-43C1-A303-D36F1BBC0EAF}"
EndProject
Project("{9A19103F-16F7-4668-BE54-9A1E7A4F7556}") = "Awe.Core.Data.Application", "src\Core\Data\Awe.Core.Data.Application\Awe.Core.Data.Application.csproj", "{18D83324-27AF-441C-8029-A09A3CCC53E8}"
EndProject
Project("{9A19103F-16F7-4668-BE54-9A1E7A4F7556}") = "Awe.Core.Data.Core", "src\Core\Data\Awe.Core.Data.Core\Awe.Core.Data.Core.csproj", "{227D59C6-D52E-4744-BD7C-5FEEE572B169}"
EndProject
Project("{2150E333-8FDC-42A3-9474-1A3956D46DE8}") = "Widget", "Widget", "{E51403C4-3498-46C4-A741-24E507C546FD}"
EndProject
Project("{9A19103F-16F7-4668-BE54-9A1E7A4F7556}") = "_Desktop.Starter", "src\App\_Desktop.Starter\_Desktop.Starter.csproj", "{EEF9E65B-CBAD-4399-A784-2F099511B5C6}"
EndProject
Project("{9A19103F-16F7-4668-BE54-9A1E7A4F7556}") = "Awe.Core.Widget.Domain", "src\Core\Widget\Awe.Core.Widget.Domain\Awe.Core.Widget.Domain.csproj", "{9C05FB36-1029-4766-9DE9-B8C8B1A10B5A}"
EndProject
Project("{2150E333-8FDC-42A3-9474-1A3956D46DE8}") = "Page", "Page", "{2316CC3B-52B8-4BAA-8489-EC8A5351C4BD}"
EndProject
Project("{9A19103F-16F7-4668-BE54-9A1E7A4F7556}") = "Awe.Core.Page.Application", "src\Core\Page\Awe.Core.Page.Application\Awe.Core.Page.Application.csproj", "{F4327ACC-513C-486F-BBED-D78AC7D1A851}"
EndProject
Project("{9A19103F-16F7-4668-BE54-9A1E7A4F7556}") = "Awe.Core.Page.Domain", "src\Core\Page\Awe.Core.Page.Domain\Awe.Core.Page.Domain.csproj", "{6C86235E-CDB7-4D78-9CA9-83C6BF2DFA0F}"
EndProject
Project("{9A19103F-16F7-4668-BE54-9A1E7A4F7556}") = "_Blazor.Starter", "src\App\_Blazor.Starter\_Blazor.Starter.csproj", "{E6A0CC9A-DB5D-40BE-85F7-9F71AE8B6D42}"
EndProject
Project("{2150E333-8FDC-42A3-9474-1A3956D46DE8}") = "Platform", "Platform", "{3C30CF53-00E6-4B99-86EF-C197FD75AA0B}"
EndProject
Project("{2150E333-8FDC-42A3-9474-1A3956D46DE8}") = "tests", "tests", "{6114FB3D-ECEA-4ECC-86E4-9CF7FC799313}"
EndProject
Project("{2150E333-8FDC-42A3-9474-1A3956D46DE8}") = "Wasm", "Wasm", "{715A6C29-CAE8-41A5-9D60-9963F9E98388}"
EndProject
Project("{2150E333-8FDC-42A3-9474-1A3956D46DE8}") = "Win", "Win", "{F278F7C5-EEF9-4007-9F73-92AD3214FFB5}"
EndProject
Project("{2150E333-8FDC-42A3-9474-1A3956D46DE8}") = "Domain", "Domain", "{D8871196-54FC-42C9-9900-3F0043113280}"
EndProject
Project("{2150E333-8FDC-42A3-9474-1A3956D46DE8}") = "View", "View", "{7A9EEB1E-03AE-4B3E-9B8E-45E135653863}"
EndProject
Project("{2150E333-8FDC-42A3-9474-1A3956D46DE8}") = "Domain", "Domain", "{D2CFF080-FE72-4522-A041-D324C50253A5}"
EndProject
Project("{2150E333-8FDC-42A3-9474-1A3956D46DE8}") = "View", "View", "{FE4A9C0B-88DB-48DB-B8C0-132DC6A30543}"
EndProject
Project("{9A19103F-16F7-4668-BE54-9A1E7A4F7556}") = "Awe.Platform.Wasm.Domain", "src\Platform\Wasm\Domain\Awe.Platform.Wasm.Domain\Awe.Platform.Wasm.Domain.csproj", "{E6AF9857-FED0-458D-96A5-0390070BFB7F}"
EndProject
Project("{9A19103F-16F7-4668-BE54-9A1E7A4F7556}") = "Awe.Platform.Wasm.View", "src\Platform\Wasm\View\Awe.Platform.Wasm.View\Awe.Platform.Wasm.View.csproj", "{284BE1C2-ABF0-4454-BAE2-E58294B15DF0}"
EndProject
Project("{9A19103F-16F7-4668-BE54-9A1E7A4F7556}") = "Awe.Platform.Win.Domain", "src\Platform\Win\Domain\Awe.Platform.Win.Domain\Awe.Platform.Win.Domain.csproj", "{32F1606D-91A3-4975-B5C8-0EC7DBEF4F6F}"
EndProject
Project("{9A19103F-16F7-4668-BE54-9A1E7A4F7556}") = "Awe.Platform.Win.View", "src\Platform\Win\View\Awe.Platform.Win.View\Awe.Platform.Win.View.csproj", "{8DB534EB-0AAB-4132-BA1C-669FEC044D3F}"
EndProject
Project("{FAE04EC0-301F-11D3-BF4B-00C04F79EFBC}") = "Awe.Core.Widget.Application", "src\Core\Widget\Awe.Core.Widget.Application\Awe.Core.Widget.Application.csproj", "{99DAE48C-FDC0-445F-A08D-C8C88FBC4703}"
EndProject
Project("{FAE04EC0-301F-11D3-BF4B-00C04F79EFBC}") = "Awe.Core.Widget.Contracts", "src\Core\Widget\Awe.Core.Widget.Contracts\Awe.Core.Widget.Contracts.csproj", "{9268BE36-708F-49A0-AEBD-094673E8DC9C}"
EndProject
Global
	GlobalSection(SolutionConfigurationPlatforms) = preSolution
		Debug|Any CPU = Debug|Any CPU
		Release|Any CPU = Release|Any CPU
	EndGlobalSection
	GlobalSection(ProjectConfigurationPlatforms) = postSolution
		{8468485E-5434-465C-A03F-63AF272823E1}.Debug|Any CPU.ActiveCfg = Debug|Any CPU
		{8468485E-5434-465C-A03F-63AF272823E1}.Debug|Any CPU.Build.0 = Debug|Any CPU
		{8468485E-5434-465C-A03F-63AF272823E1}.Release|Any CPU.ActiveCfg = Release|Any CPU
		{8468485E-5434-465C-A03F-63AF272823E1}.Release|Any CPU.Build.0 = Release|Any CPU
		{FDB2761F-6F59-4761-A1F7-4BC35415E09A}.Debug|Any CPU.ActiveCfg = Debug|Any CPU
		{FDB2761F-6F59-4761-A1F7-4BC35415E09A}.Debug|Any CPU.Build.0 = Debug|Any CPU
		{FDB2761F-6F59-4761-A1F7-4BC35415E09A}.Release|Any CPU.ActiveCfg = Release|Any CPU
		{FDB2761F-6F59-4761-A1F7-4BC35415E09A}.Release|Any CPU.Build.0 = Release|Any CPU
		{DD2FBD43-457C-4D42-9EBC-FC8D74C50667}.Debug|Any CPU.ActiveCfg = Debug|Any CPU
		{DD2FBD43-457C-4D42-9EBC-FC8D74C50667}.Debug|Any CPU.Build.0 = Debug|Any CPU
		{DD2FBD43-457C-4D42-9EBC-FC8D74C50667}.Release|Any CPU.ActiveCfg = Release|Any CPU
		{DD2FBD43-457C-4D42-9EBC-FC8D74C50667}.Release|Any CPU.Build.0 = Release|Any CPU
		{73C337DC-38BB-43C1-A303-D36F1BBC0EAF}.Debug|Any CPU.ActiveCfg = Debug|Any CPU
		{73C337DC-38BB-43C1-A303-D36F1BBC0EAF}.Debug|Any CPU.Build.0 = Debug|Any CPU
		{73C337DC-38BB-43C1-A303-D36F1BBC0EAF}.Release|Any CPU.ActiveCfg = Release|Any CPU
		{73C337DC-38BB-43C1-A303-D36F1BBC0EAF}.Release|Any CPU.Build.0 = Release|Any CPU
		{18D83324-27AF-441C-8029-A09A3CCC53E8}.Debug|Any CPU.ActiveCfg = Debug|Any CPU
		{18D83324-27AF-441C-8029-A09A3CCC53E8}.Debug|Any CPU.Build.0 = Debug|Any CPU
		{18D83324-27AF-441C-8029-A09A3CCC53E8}.Release|Any CPU.ActiveCfg = Release|Any CPU
		{18D83324-27AF-441C-8029-A09A3CCC53E8}.Release|Any CPU.Build.0 = Release|Any CPU
		{227D59C6-D52E-4744-BD7C-5FEEE572B169}.Debug|Any CPU.ActiveCfg = Debug|Any CPU
		{227D59C6-D52E-4744-BD7C-5FEEE572B169}.Debug|Any CPU.Build.0 = Debug|Any CPU
		{227D59C6-D52E-4744-BD7C-5FEEE572B169}.Release|Any CPU.ActiveCfg = Release|Any CPU
		{227D59C6-D52E-4744-BD7C-5FEEE572B169}.Release|Any CPU.Build.0 = Release|Any CPU
		{EEF9E65B-CBAD-4399-A784-2F099511B5C6}.Debug|Any CPU.ActiveCfg = Debug|Any CPU
		{EEF9E65B-CBAD-4399-A784-2F099511B5C6}.Debug|Any CPU.Build.0 = Debug|Any CPU
		{EEF9E65B-CBAD-4399-A784-2F099511B5C6}.Release|Any CPU.ActiveCfg = Release|Any CPU
		{EEF9E65B-CBAD-4399-A784-2F099511B5C6}.Release|Any CPU.Build.0 = Release|Any CPU
		{9C05FB36-1029-4766-9DE9-B8C8B1A10B5A}.Debug|Any CPU.ActiveCfg = Debug|Any CPU
		{9C05FB36-1029-4766-9DE9-B8C8B1A10B5A}.Debug|Any CPU.Build.0 = Debug|Any CPU
		{9C05FB36-1029-4766-9DE9-B8C8B1A10B5A}.Release|Any CPU.ActiveCfg = Release|Any CPU
		{9C05FB36-1029-4766-9DE9-B8C8B1A10B5A}.Release|Any CPU.Build.0 = Release|Any CPU
		{F4327ACC-513C-486F-BBED-D78AC7D1A851}.Debug|Any CPU.ActiveCfg = Debug|Any CPU
		{F4327ACC-513C-486F-BBED-D78AC7D1A851}.Debug|Any CPU.Build.0 = Debug|Any CPU
		{F4327ACC-513C-486F-BBED-D78AC7D1A851}.Release|Any CPU.ActiveCfg = Release|Any CPU
		{F4327ACC-513C-486F-BBED-D78AC7D1A851}.Release|Any CPU.Build.0 = Release|Any CPU
		{6C86235E-CDB7-4D78-9CA9-83C6BF2DFA0F}.Debug|Any CPU.ActiveCfg = Debug|Any CPU
		{6C86235E-CDB7-4D78-9CA9-83C6BF2DFA0F}.Debug|Any CPU.Build.0 = Debug|Any CPU
		{6C86235E-CDB7-4D78-9CA9-83C6BF2DFA0F}.Release|Any CPU.ActiveCfg = Release|Any CPU
		{6C86235E-CDB7-4D78-9CA9-83C6BF2DFA0F}.Release|Any CPU.Build.0 = Release|Any CPU
		{E6A0CC9A-DB5D-40BE-85F7-9F71AE8B6D42}.Debug|Any CPU.ActiveCfg = Debug|Any CPU
		{E6A0CC9A-DB5D-40BE-85F7-9F71AE8B6D42}.Debug|Any CPU.Build.0 = Debug|Any CPU
		{E6A0CC9A-DB5D-40BE-85F7-9F71AE8B6D42}.Release|Any CPU.ActiveCfg = Release|Any CPU
		{E6A0CC9A-DB5D-40BE-85F7-9F71AE8B6D42}.Release|Any CPU.Build.0 = Release|Any CPU
		{E6AF9857-FED0-458D-96A5-0390070BFB7F}.Debug|Any CPU.ActiveCfg = Debug|Any CPU
		{E6AF9857-FED0-458D-96A5-0390070BFB7F}.Debug|Any CPU.Build.0 = Debug|Any CPU
		{E6AF9857-FED0-458D-96A5-0390070BFB7F}.Release|Any CPU.ActiveCfg = Release|Any CPU
		{E6AF9857-FED0-458D-96A5-0390070BFB7F}.Release|Any CPU.Build.0 = Release|Any CPU
		{284BE1C2-ABF0-4454-BAE2-E58294B15DF0}.Debug|Any CPU.ActiveCfg = Debug|Any CPU
		{284BE1C2-ABF0-4454-BAE2-E58294B15DF0}.Debug|Any CPU.Build.0 = Debug|Any CPU
		{284BE1C2-ABF0-4454-BAE2-E58294B15DF0}.Release|Any CPU.ActiveCfg = Release|Any CPU
		{284BE1C2-ABF0-4454-BAE2-E58294B15DF0}.Release|Any CPU.Build.0 = Release|Any CPU
		{32F1606D-91A3-4975-B5C8-0EC7DBEF4F6F}.Debug|Any CPU.ActiveCfg = Debug|Any CPU
		{32F1606D-91A3-4975-B5C8-0EC7DBEF4F6F}.Debug|Any CPU.Build.0 = Debug|Any CPU
		{32F1606D-91A3-4975-B5C8-0EC7DBEF4F6F}.Release|Any CPU.ActiveCfg = Release|Any CPU
		{32F1606D-91A3-4975-B5C8-0EC7DBEF4F6F}.Release|Any CPU.Build.0 = Release|Any CPU
		{8DB534EB-0AAB-4132-BA1C-669FEC044D3F}.Debug|Any CPU.ActiveCfg = Debug|Any CPU
		{8DB534EB-0AAB-4132-BA1C-669FEC044D3F}.Debug|Any CPU.Build.0 = Debug|Any CPU
		{8DB534EB-0AAB-4132-BA1C-669FEC044D3F}.Release|Any CPU.ActiveCfg = Release|Any CPU
		{8DB534EB-0AAB-4132-BA1C-669FEC044D3F}.Release|Any CPU.Build.0 = Release|Any CPU
		{99DAE48C-FDC0-445F-A08D-C8C88FBC4703}.Debug|Any CPU.ActiveCfg = Debug|Any CPU
		{99DAE48C-FDC0-445F-A08D-C8C88FBC4703}.Debug|Any CPU.Build.0 = Debug|Any CPU
		{99DAE48C-FDC0-445F-A08D-C8C88FBC4703}.Release|Any CPU.ActiveCfg = Release|Any CPU
		{99DAE48C-FDC0-445F-A08D-C8C88FBC4703}.Release|Any CPU.Build.0 = Release|Any CPU
		{9268BE36-708F-49A0-AEBD-094673E8DC9C}.Debug|Any CPU.ActiveCfg = Debug|Any CPU
		{9268BE36-708F-49A0-AEBD-094673E8DC9C}.Debug|Any CPU.Build.0 = Debug|Any CPU
		{9268BE36-708F-49A0-AEBD-094673E8DC9C}.Release|Any CPU.ActiveCfg = Release|Any CPU
		{9268BE36-708F-49A0-AEBD-094673E8DC9C}.Release|Any CPU.Build.0 = Release|Any CPU
	EndGlobalSection
	GlobalSection(SolutionProperties) = preSolution
		HideSolutionNode = FALSE
	EndGlobalSection
	GlobalSection(NestedProjects) = preSolution
		{D3E26E1F-D4C4-4252-89E6-A035AB35F2D8} = {FC09B2C8-2A7C-4446-8AF6-11AF5E85D238}
		{5DD041F4-F03F-4A9F-949D-660180CA1EB9} = {FC09B2C8-2A7C-4446-8AF6-11AF5E85D238}
		{4DA43286-1E69-45A5-BA3A-DDCFA854FF50} = {FC09B2C8-2A7C-4446-8AF6-11AF5E85D238}
		{9A824DD0-5950-4B4F-87A6-626391C241CF} = {FC09B2C8-2A7C-4446-8AF6-11AF5E85D238}
		{827A1170-3745-4B25-881A-775D1E19F844} = {5DD041F4-F03F-4A9F-949D-660180CA1EB9}
		{8E4FC522-1566-4578-B264-790E7EE80104} = {5DD041F4-F03F-4A9F-949D-660180CA1EB9}
		{8468485E-5434-465C-A03F-63AF272823E1} = {827A1170-3745-4B25-881A-775D1E19F844}
		{FDB2761F-6F59-4761-A1F7-4BC35415E09A} = {827A1170-3745-4B25-881A-775D1E19F844}
		{DD2FBD43-457C-4D42-9EBC-FC8D74C50667} = {827A1170-3745-4B25-881A-775D1E19F844}
		{73C337DC-38BB-43C1-A303-D36F1BBC0EAF} = {8E4FC522-1566-4578-B264-790E7EE80104}
		{18D83324-27AF-441C-8029-A09A3CCC53E8} = {8E4FC522-1566-4578-B264-790E7EE80104}
		{227D59C6-D52E-4744-BD7C-5FEEE572B169} = {8E4FC522-1566-4578-B264-790E7EE80104}
		{E51403C4-3498-46C4-A741-24E507C546FD} = {5DD041F4-F03F-4A9F-949D-660180CA1EB9}
		{EEF9E65B-CBAD-4399-A784-2F099511B5C6} = {D3E26E1F-D4C4-4252-89E6-A035AB35F2D8}
		{9C05FB36-1029-4766-9DE9-B8C8B1A10B5A} = {E51403C4-3498-46C4-A741-24E507C546FD}
		{2316CC3B-52B8-4BAA-8489-EC8A5351C4BD} = {5DD041F4-F03F-4A9F-949D-660180CA1EB9}
		{F4327ACC-513C-486F-BBED-D78AC7D1A851} = {2316CC3B-52B8-4BAA-8489-EC8A5351C4BD}
		{6C86235E-CDB7-4D78-9CA9-83C6BF2DFA0F} = {2316CC3B-52B8-4BAA-8489-EC8A5351C4BD}
		{E6A0CC9A-DB5D-40BE-85F7-9F71AE8B6D42} = {D3E26E1F-D4C4-4252-89E6-A035AB35F2D8}
		{3C30CF53-00E6-4B99-86EF-C197FD75AA0B} = {FC09B2C8-2A7C-4446-8AF6-11AF5E85D238}
		{715A6C29-CAE8-41A5-9D60-9963F9E98388} = {3C30CF53-00E6-4B99-86EF-C197FD75AA0B}
		{F278F7C5-EEF9-4007-9F73-92AD3214FFB5} = {3C30CF53-00E6-4B99-86EF-C197FD75AA0B}
		{D8871196-54FC-42C9-9900-3F0043113280} = {715A6C29-CAE8-41A5-9D60-9963F9E98388}
		{7A9EEB1E-03AE-4B3E-9B8E-45E135653863} = {715A6C29-CAE8-41A5-9D60-9963F9E98388}
		{D2CFF080-FE72-4522-A041-D324C50253A5} = {F278F7C5-EEF9-4007-9F73-92AD3214FFB5}
		{FE4A9C0B-88DB-48DB-B8C0-132DC6A30543} = {F278F7C5-EEF9-4007-9F73-92AD3214FFB5}
		{E6AF9857-FED0-458D-96A5-0390070BFB7F} = {D8871196-54FC-42C9-9900-3F0043113280}
		{284BE1C2-ABF0-4454-BAE2-E58294B15DF0} = {7A9EEB1E-03AE-4B3E-9B8E-45E135653863}
		{32F1606D-91A3-4975-B5C8-0EC7DBEF4F6F} = {D2CFF080-FE72-4522-A041-D324C50253A5}
		{8DB534EB-0AAB-4132-BA1C-669FEC044D3F} = {FE4A9C0B-88DB-48DB-B8C0-132DC6A30543}
		{99DAE48C-FDC0-445F-A08D-C8C88FBC4703} = {E51403C4-3498-46C4-A741-24E507C546FD}
		{9268BE36-708F-49A0-AEBD-094673E8DC9C} = {E51403C4-3498-46C4-A741-24E507C546FD}
	EndGlobalSection
	GlobalSection(ExtensibilityGlobals) = postSolution
		SolutionGuid = {0941F694-0FF3-4D90-8174-607E32D46E42}
	EndGlobalSection
EndGlobal
