
Microsoft Visual Studio Solution File, Format Version 12.00
# Visual Studio Version 17
VisualStudioVersion = 17.2.32602.215
MinimumVisualStudioVersion = 10.0.40219.1
Project("{2150E333-8FDC-42A3-9474-1A3956D46DE8}") = "src", "src", "{FC09B2C8-2A7C-4446-8AF6-11AF5E85D238}"
EndProject
Project("{2150E333-8FDC-42A3-9474-1A3956D46DE8}") = "App", "App", "{D3E26E1F-D4C4-4252-89E6-A035AB35F2D8}"
EndProject
Project("{2150E333-8FDC-42A3-9474-1A3956D46DE8}") = "Common", "Common", "{F7AB51BB-6E35-4B51-AC35-80F0044C6DA2}"
EndProject
Project("{2150E333-8FDC-42A3-9474-1A3956D46DE8}") = "Core", "Core", "{5DD041F4-F03F-4A9F-949D-660180CA1EB9}"
EndProject
Project("{9A19103F-16F7-4668-BE54-9A1E7A4F7556}") = "TGrant.Awe.ConsoleApp", "src\App\TGrant.Awe.ConsoleApp\TGrant.Awe.ConsoleApp.csproj", "{F34BBC0F-B43E-4EC7-8CF9-2DE60F889E0C}"
EndProject
Project("{9A19103F-16F7-4668-BE54-9A1E7A4F7556}") = "TGrant.Awe.ReportMonitor", "src\App\TGrant.Awe.ReportMonitor\TGrant.Awe.ReportMonitor.csproj", "{63AFBEFF-403D-4F64-BE73-1753E78CFCA6}"
EndProject
Project("{9A19103F-16F7-4668-BE54-9A1E7A4F7556}") = "TGrant.Awe.Application", "src\Common\TGrant.Awe.Application\TGrant.Awe.Application.csproj", "{690CDA4F-2E03-464C-AA81-4BE61BC8694F}"
EndProject
Project("{9A19103F-16F7-4668-BE54-9A1E7A4F7556}") = "TGrant.Awe.Contracts", "src\Common\TGrant.Awe.Contracts\TGrant.Awe.Contracts.csproj", "{B42BAFD5-01D0-40E2-B55F-3834EDDC042D}"
EndProject
Project("{9A19103F-16F7-4668-BE54-9A1E7A4F7556}") = "TGrant.Awe.Core", "src\Common\TGrant.Awe.Core\TGrant.Awe.Core.csproj", "{2F14A211-3AEC-4FA4-B2EB-B5E6F403004C}"
EndProject
Project("{2150E333-8FDC-42A3-9474-1A3956D46DE8}") = "Custom", "Custom", "{4DA43286-1E69-45A5-BA3A-DDCFA854FF50}"
EndProject
Project("{2150E333-8FDC-42A3-9474-1A3956D46DE8}") = "Plugins", "Plugins", "{9A824DD0-5950-4B4F-87A6-626391C241CF}"
EndProject
Project("{2150E333-8FDC-42A3-9474-1A3956D46DE8}") = "Action", "Action", "{827A1170-3745-4B25-881A-775D1E19F844}"
EndProject
Project("{2150E333-8FDC-42A3-9474-1A3956D46DE8}") = "Data", "Data", "{8E4FC522-1566-4578-B264-790E7EE80104}"
EndProject
Project("{9A19103F-16F7-4668-BE54-9A1E7A4F7556}") = "TGrant.Awe.Core.Action.Application", "src\Core\Action\TGrant.Awe.Core.Action.Application\TGrant.Awe.Core.Action.Application.csproj", "{8468485E-5434-465C-A03F-63AF272823E1}"
EndProject
Project("{9A19103F-16F7-4668-BE54-9A1E7A4F7556}") = "TGrant.Awe.Core.Action.Contracts", "src\Core\Action\TGrant.Awe.Core.Action.Contracts\TGrant.Awe.Core.Action.Contracts.csproj", "{FDB2761F-6F59-4761-A1F7-4BC35415E09A}"
EndProject
Project("{9A19103F-16F7-4668-BE54-9A1E7A4F7556}") = "TGrant.Awe.Core.Action.Core", "src\Core\Action\TGrant.Awe.Core.Action.Core\TGrant.Awe.Core.Action.Core.csproj", "{DD2FBD43-457C-4D42-9EBC-FC8D74C50667}"
EndProject
Project("{9A19103F-16F7-4668-BE54-9A1E7A4F7556}") = "TGrant.Awe.Core.Data.Contracts", "src\Core\Data\TGrant.Awe.Core.Data.Contracts\TGrant.Awe.Core.Data.Contracts.csproj", "{73C337DC-38BB-43C1-A303-D36F1BBC0EAF}"
EndProject
Project("{9A19103F-16F7-4668-BE54-9A1E7A4F7556}") = "TGrant.Awe.Core.Data.Application", "src\Core\Data\TGrant.Awe.Core.Data.Application\TGrant.Awe.Core.Data.Application.csproj", "{18D83324-27AF-441C-8029-A09A3CCC53E8}"
EndProject
Project("{9A19103F-16F7-4668-BE54-9A1E7A4F7556}") = "TGrant.Awe.Core.Data.Core", "src\Core\Data\TGrant.Awe.Core.Data.Core\TGrant.Awe.Core.Data.Core.csproj", "{227D59C6-D52E-4744-BD7C-5FEEE572B169}"
EndProject
Project("{2150E333-8FDC-42A3-9474-1A3956D46DE8}") = "Widget", "Widget", "{E51403C4-3498-46C4-A741-24E507C546FD}"
EndProject
Project("{2150E333-8FDC-42A3-9474-1A3956D46DE8}") = "_Platform", "_Platform", "{24337F3A-180D-4622-BDA4-9E94520EF71F}"
EndProject
Project("{2150E333-8FDC-42A3-9474-1A3956D46DE8}") = "Model", "Model", "{5F09D2FA-76E9-4BAA-AE19-ACD1AAA51E82}"
EndProject
Project("{2150E333-8FDC-42A3-9474-1A3956D46DE8}") = "Controller", "Controller", "{18844FA9-4ACC-4B8A-9C93-3BB5C4230AD5}"
EndProject
Project("{2150E333-8FDC-42A3-9474-1A3956D46DE8}") = "Contracts", "Contracts", "{DC8EE38F-50A0-46CD-845E-A32A7E743E6C}"
EndProject
Project("{9A19103F-16F7-4668-BE54-9A1E7A4F7556}") = "TGrant.Awe.Core.Widget.Application", "src\Core\Widget\TGrant.Awe.Core.Widget.Application\TGrant.Awe.Core.Widget.Application.csproj", "{7A32FDA3-93A9-446B-9619-45AF8A287403}"
EndProject
Project("{9A19103F-16F7-4668-BE54-9A1E7A4F7556}") = "TGrant.Awe.Core.Widget.Contracts", "src\Core\Widget\TGrant.Awe.Core.Widget.Contracts\TGrant.Awe.Core.Widget.Contracts.csproj", "{51885721-C097-4B4A-B442-19018D4E71AF}"
EndProject
Project("{9A19103F-16F7-4668-BE54-9A1E7A4F7556}") = "_Desktop.Starter", "src\App\_Desktop.Starter\_Desktop.Starter.csproj", "{EEF9E65B-CBAD-4399-A784-2F099511B5C6}"
EndProject
Project("{9A19103F-16F7-4668-BE54-9A1E7A4F7556}") = "TGrant.Awe.Core.Widget.Domain", "src\Core\Widget\TGrant.Awe.Core.Widget.Domain\TGrant.Awe.Core.Widget.Domain.csproj", "{9C05FB36-1029-4766-9DE9-B8C8B1A10B5A}"
EndProject
Project("{2150E333-8FDC-42A3-9474-1A3956D46DE8}") = "Page", "Page", "{2316CC3B-52B8-4BAA-8489-EC8A5351C4BD}"
EndProject
Project("{FAE04EC0-301F-11D3-BF4B-00C04F79EFBC}") = "TGrant.Awe.Core.Page.Application", "src\Core\Page\TGrant.Awe.Core.Page.Application\TGrant.Awe.Core.Page.Application.csproj", "{F4327ACC-513C-486F-BBED-D78AC7D1A851}"
EndProject
Project("{FAE04EC0-301F-11D3-BF4B-00C04F79EFBC}") = "TGrant.Awe.Core.Page.Domain", "src\Core\Page\TGrant.Awe.Core.Page.Domain\TGrant.Awe.Core.Page.Domain.csproj", "{6C86235E-CDB7-4D78-9CA9-83C6BF2DFA0F}"
EndProject
Project("{2150E333-8FDC-42A3-9474-1A3956D46DE8}") = "Wasm", "Wasm", "{8CA37851-46F9-4558-85AF-1969F89CB982}"
EndProject
Project("{2150E333-8FDC-42A3-9474-1A3956D46DE8}") = "Win", "Win", "{8E23006A-E464-46A2-A336-75E37FE701C5}"
EndProject
Project("{2150E333-8FDC-42A3-9474-1A3956D46DE8}") = "View", "View", "{70D6F3D9-56B6-430E-A8EB-3DE6D8895366}"
EndProject
Project("{2150E333-8FDC-42A3-9474-1A3956D46DE8}") = "Domain", "Domain", "{2C099673-DBAF-4A80-A5EF-AF3EA7EF13F3}"
EndProject
Project("{FAE04EC0-301F-11D3-BF4B-00C04F79EFBC}") = "_Blazor.Starter", "src\App\_Blazor.Starter\_Blazor.Starter.csproj", "{E6A0CC9A-DB5D-40BE-85F7-9F71AE8B6D42}"
EndProject
Project("{2150E333-8FDC-42A3-9474-1A3956D46DE8}") = "View", "View", "{9763B737-0CF1-48E1-9B45-A624823D21CE}"
EndProject
Project("{FAE04EC0-301F-11D3-BF4B-00C04F79EFBC}") = "TGrant.Awe.Custom.Platform.Win.Domain", "src\Custom\_Platform\Win\Domain\TGrant.Awe.Custom.Platform.Win.Domain\TGrant.Awe.Custom.Platform.Win.Domain.csproj", "{E4A0DF36-8010-4E8A-8216-57099945EC25}"
EndProject
Project("{FAE04EC0-301F-11D3-BF4B-00C04F79EFBC}") = "TGrant.Awe.Custom.Platform.Win.View", "src\Custom\_Platform\Win\View\TGrant.Awe.Custom.Platform.Win.View\TGrant.Awe.Custom.Platform.Win.View.csproj", "{34267077-4003-4411-B419-C32255EE3A7B}"
EndProject
Project("{FAE04EC0-301F-11D3-BF4B-00C04F79EFBC}") = "TGrant.Awe.Custom.Platform.Wasm.View", "src\Custom\_Platform\Wasm\View\TGrant.Awe.Custom.Platform.Wasm.View\TGrant.Awe.Custom.Platform.Wasm.View.csproj", "{A63D504C-D58C-4072-8557-967B66BC3595}"
EndProject
Project("{2150E333-8FDC-42A3-9474-1A3956D46DE8}") = "Domain", "Domain", "{2F8C1158-8B60-4EAD-B164-8F5CC716FEF3}"
EndProject
Project("{FAE04EC0-301F-11D3-BF4B-00C04F79EFBC}") = "TGrant.Awe.Custom.Platform.Wasm.Domain", "src\Custom\_Platform\Wasm\Domain\TGrant.Awe.Custom.Platform.Wasm.Domain\TGrant.Awe.Custom.Platform.Wasm.Domain.csproj", "{6DBDFB1E-9A97-4926-B9CB-C9B1F4CD5991}"
EndProject
Global
	GlobalSection(SolutionConfigurationPlatforms) = preSolution
		Debug|Any CPU = Debug|Any CPU
		Release|Any CPU = Release|Any CPU
	EndGlobalSection
	GlobalSection(ProjectConfigurationPlatforms) = postSolution
		{F34BBC0F-B43E-4EC7-8CF9-2DE60F889E0C}.Debug|Any CPU.ActiveCfg = Debug|Any CPU
		{F34BBC0F-B43E-4EC7-8CF9-2DE60F889E0C}.Debug|Any CPU.Build.0 = Debug|Any CPU
		{F34BBC0F-B43E-4EC7-8CF9-2DE60F889E0C}.Release|Any CPU.ActiveCfg = Release|Any CPU
		{F34BBC0F-B43E-4EC7-8CF9-2DE60F889E0C}.Release|Any CPU.Build.0 = Release|Any CPU
		{63AFBEFF-403D-4F64-BE73-1753E78CFCA6}.Debug|Any CPU.ActiveCfg = Debug|Any CPU
		{63AFBEFF-403D-4F64-BE73-1753E78CFCA6}.Debug|Any CPU.Build.0 = Debug|Any CPU
		{63AFBEFF-403D-4F64-BE73-1753E78CFCA6}.Release|Any CPU.ActiveCfg = Release|Any CPU
		{63AFBEFF-403D-4F64-BE73-1753E78CFCA6}.Release|Any CPU.Build.0 = Release|Any CPU
		{690CDA4F-2E03-464C-AA81-4BE61BC8694F}.Debug|Any CPU.ActiveCfg = Debug|Any CPU
		{690CDA4F-2E03-464C-AA81-4BE61BC8694F}.Debug|Any CPU.Build.0 = Debug|Any CPU
		{690CDA4F-2E03-464C-AA81-4BE61BC8694F}.Release|Any CPU.ActiveCfg = Release|Any CPU
		{690CDA4F-2E03-464C-AA81-4BE61BC8694F}.Release|Any CPU.Build.0 = Release|Any CPU
		{B42BAFD5-01D0-40E2-B55F-3834EDDC042D}.Debug|Any CPU.ActiveCfg = Debug|Any CPU
		{B42BAFD5-01D0-40E2-B55F-3834EDDC042D}.Debug|Any CPU.Build.0 = Debug|Any CPU
		{B42BAFD5-01D0-40E2-B55F-3834EDDC042D}.Release|Any CPU.ActiveCfg = Release|Any CPU
		{B42BAFD5-01D0-40E2-B55F-3834EDDC042D}.Release|Any CPU.Build.0 = Release|Any CPU
		{2F14A211-3AEC-4FA4-B2EB-B5E6F403004C}.Debug|Any CPU.ActiveCfg = Debug|Any CPU
		{2F14A211-3AEC-4FA4-B2EB-B5E6F403004C}.Debug|Any CPU.Build.0 = Debug|Any CPU
		{2F14A211-3AEC-4FA4-B2EB-B5E6F403004C}.Release|Any CPU.ActiveCfg = Release|Any CPU
		{2F14A211-3AEC-4FA4-B2EB-B5E6F403004C}.Release|Any CPU.Build.0 = Release|Any CPU
		{8468485E-5434-465C-A03F-63AF272823E1}.Debug|Any CPU.ActiveCfg = Debug|Any CPU
		{8468485E-5434-465C-A03F-63AF272823E1}.Debug|Any CPU.Build.0 = Debug|Any CPU
		{8468485E-5434-465C-A03F-63AF272823E1}.Release|Any CPU.ActiveCfg = Release|Any CPU
		{8468485E-5434-465C-A03F-63AF272823E1}.Release|Any CPU.Build.0 = Release|Any CPU
		{FDB2761F-6F59-4761-A1F7-4BC35415E09A}.Debug|Any CPU.ActiveCfg = Debug|Any CPU
		{FDB2761F-6F59-4761-A1F7-4BC35415E09A}.Debug|Any CPU.Build.0 = Debug|Any CPU
		{FDB2761F-6F59-4761-A1F7-4BC35415E09A}.Release|Any CPU.ActiveCfg = Release|Any CPU
		{FDB2761F-6F59-4761-A1F7-4BC35415E09A}.Release|Any CPU.Build.0 = Release|Any CPU
		{DD2FBD43-457C-4D42-9EBC-FC8D74C50667}.Debug|Any CPU.ActiveCfg = Debug|Any CPU
		{DD2FBD43-457C-4D42-9EBC-FC8D74C50667}.Debug|Any CPU.Build.0 = Debug|Any CPU
		{DD2FBD43-457C-4D42-9EBC-FC8D74C50667}.Release|Any CPU.ActiveCfg = Release|Any CPU
		{DD2FBD43-457C-4D42-9EBC-FC8D74C50667}.Release|Any CPU.Build.0 = Release|Any CPU
		{73C337DC-38BB-43C1-A303-D36F1BBC0EAF}.Debug|Any CPU.ActiveCfg = Debug|Any CPU
		{73C337DC-38BB-43C1-A303-D36F1BBC0EAF}.Debug|Any CPU.Build.0 = Debug|Any CPU
		{73C337DC-38BB-43C1-A303-D36F1BBC0EAF}.Release|Any CPU.ActiveCfg = Release|Any CPU
		{73C337DC-38BB-43C1-A303-D36F1BBC0EAF}.Release|Any CPU.Build.0 = Release|Any CPU
		{18D83324-27AF-441C-8029-A09A3CCC53E8}.Debug|Any CPU.ActiveCfg = Debug|Any CPU
		{18D83324-27AF-441C-8029-A09A3CCC53E8}.Debug|Any CPU.Build.0 = Debug|Any CPU
		{18D83324-27AF-441C-8029-A09A3CCC53E8}.Release|Any CPU.ActiveCfg = Release|Any CPU
		{18D83324-27AF-441C-8029-A09A3CCC53E8}.Release|Any CPU.Build.0 = Release|Any CPU
		{227D59C6-D52E-4744-BD7C-5FEEE572B169}.Debug|Any CPU.ActiveCfg = Debug|Any CPU
		{227D59C6-D52E-4744-BD7C-5FEEE572B169}.Debug|Any CPU.Build.0 = Debug|Any CPU
		{227D59C6-D52E-4744-BD7C-5FEEE572B169}.Release|Any CPU.ActiveCfg = Release|Any CPU
		{227D59C6-D52E-4744-BD7C-5FEEE572B169}.Release|Any CPU.Build.0 = Release|Any CPU
		{7A32FDA3-93A9-446B-9619-45AF8A287403}.Debug|Any CPU.ActiveCfg = Debug|Any CPU
		{7A32FDA3-93A9-446B-9619-45AF8A287403}.Debug|Any CPU.Build.0 = Debug|Any CPU
		{7A32FDA3-93A9-446B-9619-45AF8A287403}.Release|Any CPU.ActiveCfg = Release|Any CPU
		{7A32FDA3-93A9-446B-9619-45AF8A287403}.Release|Any CPU.Build.0 = Release|Any CPU
		{51885721-C097-4B4A-B442-19018D4E71AF}.Debug|Any CPU.ActiveCfg = Debug|Any CPU
		{51885721-C097-4B4A-B442-19018D4E71AF}.Debug|Any CPU.Build.0 = Debug|Any CPU
		{51885721-C097-4B4A-B442-19018D4E71AF}.Release|Any CPU.ActiveCfg = Release|Any CPU
		{51885721-C097-4B4A-B442-19018D4E71AF}.Release|Any CPU.Build.0 = Release|Any CPU
		{EEF9E65B-CBAD-4399-A784-2F099511B5C6}.Debug|Any CPU.ActiveCfg = Debug|Any CPU
		{EEF9E65B-CBAD-4399-A784-2F099511B5C6}.Debug|Any CPU.Build.0 = Debug|Any CPU
		{EEF9E65B-CBAD-4399-A784-2F099511B5C6}.Release|Any CPU.ActiveCfg = Release|Any CPU
		{EEF9E65B-CBAD-4399-A784-2F099511B5C6}.Release|Any CPU.Build.0 = Release|Any CPU
		{9C05FB36-1029-4766-9DE9-B8C8B1A10B5A}.Debug|Any CPU.ActiveCfg = Debug|Any CPU
		{9C05FB36-1029-4766-9DE9-B8C8B1A10B5A}.Debug|Any CPU.Build.0 = Debug|Any CPU
		{9C05FB36-1029-4766-9DE9-B8C8B1A10B5A}.Release|Any CPU.ActiveCfg = Release|Any CPU
		{9C05FB36-1029-4766-9DE9-B8C8B1A10B5A}.Release|Any CPU.Build.0 = Release|Any CPU
		{F4327ACC-513C-486F-BBED-D78AC7D1A851}.Debug|Any CPU.ActiveCfg = Debug|Any CPU
		{F4327ACC-513C-486F-BBED-D78AC7D1A851}.Debug|Any CPU.Build.0 = Debug|Any CPU
		{F4327ACC-513C-486F-BBED-D78AC7D1A851}.Release|Any CPU.ActiveCfg = Release|Any CPU
		{F4327ACC-513C-486F-BBED-D78AC7D1A851}.Release|Any CPU.Build.0 = Release|Any CPU
		{6C86235E-CDB7-4D78-9CA9-83C6BF2DFA0F}.Debug|Any CPU.ActiveCfg = Debug|Any CPU
		{6C86235E-CDB7-4D78-9CA9-83C6BF2DFA0F}.Debug|Any CPU.Build.0 = Debug|Any CPU
		{6C86235E-CDB7-4D78-9CA9-83C6BF2DFA0F}.Release|Any CPU.ActiveCfg = Release|Any CPU
		{6C86235E-CDB7-4D78-9CA9-83C6BF2DFA0F}.Release|Any CPU.Build.0 = Release|Any CPU
		{E6A0CC9A-DB5D-40BE-85F7-9F71AE8B6D42}.Debug|Any CPU.ActiveCfg = Debug|Any CPU
		{E6A0CC9A-DB5D-40BE-85F7-9F71AE8B6D42}.Debug|Any CPU.Build.0 = Debug|Any CPU
		{E6A0CC9A-DB5D-40BE-85F7-9F71AE8B6D42}.Release|Any CPU.ActiveCfg = Release|Any CPU
		{E6A0CC9A-DB5D-40BE-85F7-9F71AE8B6D42}.Release|Any CPU.Build.0 = Release|Any CPU
		{E4A0DF36-8010-4E8A-8216-57099945EC25}.Debug|Any CPU.ActiveCfg = Debug|Any CPU
		{E4A0DF36-8010-4E8A-8216-57099945EC25}.Debug|Any CPU.Build.0 = Debug|Any CPU
		{E4A0DF36-8010-4E8A-8216-57099945EC25}.Release|Any CPU.ActiveCfg = Release|Any CPU
		{E4A0DF36-8010-4E8A-8216-57099945EC25}.Release|Any CPU.Build.0 = Release|Any CPU
		{34267077-4003-4411-B419-C32255EE3A7B}.Debug|Any CPU.ActiveCfg = Debug|Any CPU
		{34267077-4003-4411-B419-C32255EE3A7B}.Debug|Any CPU.Build.0 = Debug|Any CPU
		{34267077-4003-4411-B419-C32255EE3A7B}.Release|Any CPU.ActiveCfg = Release|Any CPU
		{34267077-4003-4411-B419-C32255EE3A7B}.Release|Any CPU.Build.0 = Release|Any CPU
		{A63D504C-D58C-4072-8557-967B66BC3595}.Debug|Any CPU.ActiveCfg = Debug|Any CPU
		{A63D504C-D58C-4072-8557-967B66BC3595}.Debug|Any CPU.Build.0 = Debug|Any CPU
		{A63D504C-D58C-4072-8557-967B66BC3595}.Release|Any CPU.ActiveCfg = Release|Any CPU
		{A63D504C-D58C-4072-8557-967B66BC3595}.Release|Any CPU.Build.0 = Release|Any CPU
		{6DBDFB1E-9A97-4926-B9CB-C9B1F4CD5991}.Debug|Any CPU.ActiveCfg = Debug|Any CPU
		{6DBDFB1E-9A97-4926-B9CB-C9B1F4CD5991}.Debug|Any CPU.Build.0 = Debug|Any CPU
		{6DBDFB1E-9A97-4926-B9CB-C9B1F4CD5991}.Release|Any CPU.ActiveCfg = Release|Any CPU
		{6DBDFB1E-9A97-4926-B9CB-C9B1F4CD5991}.Release|Any CPU.Build.0 = Release|Any CPU
	EndGlobalSection
	GlobalSection(SolutionProperties) = preSolution
		HideSolutionNode = FALSE
	EndGlobalSection
	GlobalSection(NestedProjects) = preSolution
		{D3E26E1F-D4C4-4252-89E6-A035AB35F2D8} = {FC09B2C8-2A7C-4446-8AF6-11AF5E85D238}
		{F7AB51BB-6E35-4B51-AC35-80F0044C6DA2} = {FC09B2C8-2A7C-4446-8AF6-11AF5E85D238}
		{5DD041F4-F03F-4A9F-949D-660180CA1EB9} = {FC09B2C8-2A7C-4446-8AF6-11AF5E85D238}
		{F34BBC0F-B43E-4EC7-8CF9-2DE60F889E0C} = {D3E26E1F-D4C4-4252-89E6-A035AB35F2D8}
		{63AFBEFF-403D-4F64-BE73-1753E78CFCA6} = {D3E26E1F-D4C4-4252-89E6-A035AB35F2D8}
		{690CDA4F-2E03-464C-AA81-4BE61BC8694F} = {F7AB51BB-6E35-4B51-AC35-80F0044C6DA2}
		{B42BAFD5-01D0-40E2-B55F-3834EDDC042D} = {F7AB51BB-6E35-4B51-AC35-80F0044C6DA2}
		{2F14A211-3AEC-4FA4-B2EB-B5E6F403004C} = {F7AB51BB-6E35-4B51-AC35-80F0044C6DA2}
		{4DA43286-1E69-45A5-BA3A-DDCFA854FF50} = {FC09B2C8-2A7C-4446-8AF6-11AF5E85D238}
		{9A824DD0-5950-4B4F-87A6-626391C241CF} = {FC09B2C8-2A7C-4446-8AF6-11AF5E85D238}
		{827A1170-3745-4B25-881A-775D1E19F844} = {5DD041F4-F03F-4A9F-949D-660180CA1EB9}
		{8E4FC522-1566-4578-B264-790E7EE80104} = {5DD041F4-F03F-4A9F-949D-660180CA1EB9}
		{8468485E-5434-465C-A03F-63AF272823E1} = {827A1170-3745-4B25-881A-775D1E19F844}
		{FDB2761F-6F59-4761-A1F7-4BC35415E09A} = {827A1170-3745-4B25-881A-775D1E19F844}
		{DD2FBD43-457C-4D42-9EBC-FC8D74C50667} = {827A1170-3745-4B25-881A-775D1E19F844}
		{73C337DC-38BB-43C1-A303-D36F1BBC0EAF} = {8E4FC522-1566-4578-B264-790E7EE80104}
		{18D83324-27AF-441C-8029-A09A3CCC53E8} = {8E4FC522-1566-4578-B264-790E7EE80104}
		{227D59C6-D52E-4744-BD7C-5FEEE572B169} = {8E4FC522-1566-4578-B264-790E7EE80104}
		{E51403C4-3498-46C4-A741-24E507C546FD} = {5DD041F4-F03F-4A9F-949D-660180CA1EB9}
		{24337F3A-180D-4622-BDA4-9E94520EF71F} = {4DA43286-1E69-45A5-BA3A-DDCFA854FF50}
		{5F09D2FA-76E9-4BAA-AE19-ACD1AAA51E82} = {24337F3A-180D-4622-BDA4-9E94520EF71F}
		{18844FA9-4ACC-4B8A-9C93-3BB5C4230AD5} = {24337F3A-180D-4622-BDA4-9E94520EF71F}
		{DC8EE38F-50A0-46CD-845E-A32A7E743E6C} = {4DA43286-1E69-45A5-BA3A-DDCFA854FF50}
		{7A32FDA3-93A9-446B-9619-45AF8A287403} = {E51403C4-3498-46C4-A741-24E507C546FD}
		{51885721-C097-4B4A-B442-19018D4E71AF} = {E51403C4-3498-46C4-A741-24E507C546FD}
		{EEF9E65B-CBAD-4399-A784-2F099511B5C6} = {D3E26E1F-D4C4-4252-89E6-A035AB35F2D8}
		{9C05FB36-1029-4766-9DE9-B8C8B1A10B5A} = {E51403C4-3498-46C4-A741-24E507C546FD}
		{2316CC3B-52B8-4BAA-8489-EC8A5351C4BD} = {5DD041F4-F03F-4A9F-949D-660180CA1EB9}
		{F4327ACC-513C-486F-BBED-D78AC7D1A851} = {2316CC3B-52B8-4BAA-8489-EC8A5351C4BD}
		{6C86235E-CDB7-4D78-9CA9-83C6BF2DFA0F} = {2316CC3B-52B8-4BAA-8489-EC8A5351C4BD}
		{8CA37851-46F9-4558-85AF-1969F89CB982} = {24337F3A-180D-4622-BDA4-9E94520EF71F}
		{8E23006A-E464-46A2-A336-75E37FE701C5} = {24337F3A-180D-4622-BDA4-9E94520EF71F}
		{70D6F3D9-56B6-430E-A8EB-3DE6D8895366} = {8E23006A-E464-46A2-A336-75E37FE701C5}
		{2C099673-DBAF-4A80-A5EF-AF3EA7EF13F3} = {8E23006A-E464-46A2-A336-75E37FE701C5}
		{E6A0CC9A-DB5D-40BE-85F7-9F71AE8B6D42} = {D3E26E1F-D4C4-4252-89E6-A035AB35F2D8}
		{9763B737-0CF1-48E1-9B45-A624823D21CE} = {8CA37851-46F9-4558-85AF-1969F89CB982}
		{E4A0DF36-8010-4E8A-8216-57099945EC25} = {2C099673-DBAF-4A80-A5EF-AF3EA7EF13F3}
		{34267077-4003-4411-B419-C32255EE3A7B} = {70D6F3D9-56B6-430E-A8EB-3DE6D8895366}
		{A63D504C-D58C-4072-8557-967B66BC3595} = {9763B737-0CF1-48E1-9B45-A624823D21CE}
		{2F8C1158-8B60-4EAD-B164-8F5CC716FEF3} = {8CA37851-46F9-4558-85AF-1969F89CB982}
		{6DBDFB1E-9A97-4926-B9CB-C9B1F4CD5991} = {2F8C1158-8B60-4EAD-B164-8F5CC716FEF3}
	EndGlobalSection
	GlobalSection(ExtensibilityGlobals) = postSolution
		SolutionGuid = {0941F694-0FF3-4D90-8174-607E32D46E42}
	EndGlobalSection
EndGlobal
